
Microsoft Visual Studio Solution File, Format Version 12.00
Project("{FAE04EC0-301F-11D3-BF4B-00C04F79EFBC}") = "Community.PowerToys.Run.Plugin.Bitwarden", "Community.PowerToys.Run.Plugin.Bitwarden.csproj", "{011A6C84-00CC-41AC-B9CD-22CED4D17D64}"
EndProject
Global
	GlobalSection(SolutionConfigurationPlatforms) = preSolution
		Debug|Any CPU = Debug|Any CPU
		Release|Any CPU = Release|Any CPU
	EndGlobalSection
	GlobalSection(ProjectConfigurationPlatforms) = postSolution
		{011A6C84-00CC-41AC-B9CD-22CED4D17D64}.Debug|Any CPU.ActiveCfg = Debug|Any CPU
		{011A6C84-00CC-41AC-B9CD-22CED4D17D64}.Debug|Any CPU.Build.0 = Debug|Any CPU
		{011A6C84-00CC-41AC-B9CD-22CED4D17D64}.Release|Any CPU.ActiveCfg = Release|Any CPU
		{011A6C84-00CC-41AC-B9CD-22CED4D17D64}.Release|Any CPU.Build.0 = Release|Any CPU
	EndGlobalSection
EndGlobal
